{
  "version": 4,
  "terraform_version": "0.12.2",
  "serial": 9,
  "lineage": "52fd588b-5998-e3b6-ddc7-9bcf4dc551c7",
  "outputs": {},
  "resources": [
    {
      "mode": "managed",
      "type": "google_compute_firewall",
      "name": "port_rules",
      "provider": "provider.google",
      "instances": [
        {
          "schema_version": 1,
          "attributes": {
            "allow": [
              {
                "ports": [
                  "9092"
                ],
                "protocol": "tcp"
              }
            ],
            "creation_timestamp": "2023-03-03T03:31:32.000-08:00",
            "deny": [],
            "description": "Opens port 9092 in the Kafka VM for Spark cluster to connect",
            "destination_ranges": [],
            "direction": "INGRESS",
            "disabled": false,
            "enable_logging": null,
            "id": "projects/data-engineering-streaming/global/firewalls/port-kafka",
            "log_config": [],
            "name": "port-kafka",
            "network": "https://www.googleapis.com/compute/v1/projects/data-engineering-streaming/global/networks/default",
            "priority": 1000,
            "project": "data-engineering-streaming",
            "self_link": "https://www.googleapis.com/compute/v1/projects/data-engineering-streaming/global/firewalls/port-kafka",
            "source_ranges": [
              "0.0.0.0/0"
            ],
            "source_service_accounts": [],
            "source_tags": [],
            "target_service_accounts": [],
            "target_tags": [
              "kafka-finance"
            ],
            "timeouts": null
          },
          "private": "eyJlMmJmYjczMC1lY2FhLTExZTYtOGY4OC0zNDM2M2JjN2M0YzAiOnsiY3JlYXRlIjoyNDAwMDAwMDAwMDAsImRlbGV0ZSI6MjQwMDAwMDAwMDAwLCJ1cGRhdGUiOjI0MDAwMDAwMDAwMH0sInNjaGVtYV92ZXJzaW9uIjoiMSJ9"
        }
      ]
    },
    {
      "mode": "managed",
      "type": "google_compute_instance",
      "name": "kafka_producer-vm",
      "provider": "provider.google",
      "instances": [
        {
          "schema_version": 6,
          "attributes": {
            "allow_stopping_for_update": true,
            "attached_disk": [],
            "boot_disk": [
              {
                "auto_delete": true,
                "device_name": "persistent-disk-0",
                "disk_encryption_key_raw": "",
                "disk_encryption_key_sha256": "",
                "initialize_params": [
                  {
                    "image": "https://www.googleapis.com/compute/v1/projects/ubuntu-os-cloud/global/images/ubuntu-2004-focal-v20230302",
                    "labels": {},
                    "size": 10,
                    "type": "pd-standard"
                  }
                ],
                "kms_key_self_link": "",
                "mode": "READ_WRITE",
                "source": "https://www.googleapis.com/compute/v1/projects/data-engineering-streaming/zones/us-central1-c/disks/finance-api-kafka-instance"
              }
            ],
            "can_ip_forward": false,
            "confidential_instance_config": [],
            "cpu_platform": "Intel Broadwell",
            "current_status": "RUNNING",
            "deletion_protection": false,
            "description": "",
            "desired_status": null,
            "enable_display": false,
            "guest_accelerator": [],
            "hostname": "",
            "id": "projects/data-engineering-streaming/zones/us-central1-c/instances/finance-api-kafka-instance",
            "instance_id": "6508166747079337083",
            "label_fingerprint": "42WmSpB8rSM=",
            "labels": {},
            "machine_type": "e2-micro",
            "metadata": {},
            "metadata_fingerprint": "JS6tCxehTns=",
            "metadata_startup_script": "",
            "min_cpu_platform": "",
            "name": "finance-api-kafka-instance",
            "network_interface": [
              {
                "access_config": [
                  {
                    "nat_ip": "34.121.20.161",
                    "network_tier": "PREMIUM",
                    "public_ptr_domain_name": ""
                  }
                ],
                "alias_ip_range": [],
                "name": "nic0",
                "network": "https://www.googleapis.com/compute/v1/projects/data-engineering-streaming/global/networks/default",
                "network_ip": "10.128.0.3",
                "nic_type": "",
                "subnetwork": "https://www.googleapis.com/compute/v1/projects/data-engineering-streaming/regions/us-central1/subnetworks/default",
                "subnetwork_project": "data-engineering-streaming"
              }
            ],
            "project": "data-engineering-streaming",
            "resource_policies": [],
            "scheduling": [
              {
                "automatic_restart": true,
                "min_node_cpus": 0,
                "node_affinities": [],
                "on_host_maintenance": "MIGRATE",
                "preemptible": false
              }
            ],
            "scratch_disk": [],
            "self_link": "https://www.googleapis.com/compute/v1/projects/data-engineering-streaming/zones/us-central1-c/instances/finance-api-kafka-instance",
            "service_account": [],
            "shielded_instance_config": [
              {
                "enable_integrity_monitoring": true,
                "enable_secure_boot": false,
                "enable_vtpm": true
              }
            ],
            "tags": [
              "kafka-finance"
            ],
            "tags_fingerprint": "DcDK8_BNC7c=",
            "timeouts": null,
            "zone": "us-central1-c"
          },
          "private": "eyJlMmJmYjczMC1lY2FhLTExZTYtOGY4OC0zNDM2M2JjN2M0YzAiOnsiY3JlYXRlIjoxMjAwMDAwMDAwMDAwLCJkZWxldGUiOjEyMDAwMDAwMDAwMDAsInVwZGF0ZSI6MTIwMDAwMDAwMDAwMH0sInNjaGVtYV92ZXJzaW9uIjoiNiJ9"
        }
      ]
    }
  ]
}
